{
  "name": "hazmatcat",
  "version": "0.0.0",
  "lockfileVersion": 3,
  "requires": true,
  "packages": {
    "": {
      "name": "hazmatcat",
      "version": "0.0.0",
      "dependencies": {
        "tweakpane": "^4.0.5"
      },
      "devDependencies": {
        "@tweakpane/core": "^2.0.5"
      }
    },
    "node_modules/@tweakpane/core": {
      "version": "2.0.5",
      "resolved": "https://registry.npmjs.org/@tweakpane/core/-/core-2.0.5.tgz",
      "integrity": "sha512-punBgD5rKCF5vcNo6BsSOXiDR/NSs9VM7SG65QSLJIxfRaGgj54ree9zQW6bO3pNFf3AogiGgaNODUVQRk9YqQ==",
      "dev": true,
      "license": "MIT"
    },
    "node_modules/tweakpane": {
      "version": "4.0.5",
      "resolved": "https://registry.npmjs.org/tweakpane/-/tweakpane-4.0.5.tgz",
      "integrity": "sha512-rxEXdSI+ArlG1RyO6FghC4ZUX8JkEfz8F3v1JuteXSV0pEtHJzyo07fcDG+NsJfN5L39kSbCYbB9cBGHyuI/tQ==",
      "license": "MIT",
      "funding": {
        "url": "https://github.com/sponsors/cocopon"
      }
    }
  }
}
